
Microsoft Visual Studio Solution File, Format Version 12.00
# Visual Studio Version 16
VisualStudioVersion = 16.0.30804.86
MinimumVisualStudioVersion = 10.0.40219.1
Project("{FAE04EC0-301F-11D3-BF4B-00C04F79EFBC}") = "Entities", "Entities\Entities.csproj", "{D4524793-2F58-4D49-84D2-34EF87D220A3}"
EndProject
Project("{FAE04EC0-301F-11D3-BF4B-00C04F79EFBC}") = "DataAccess", "DataAccess\DataAccess.csproj", "{3E583F15-FCB5-4959-BF92-ACB6D0F349E1}"
EndProject
Project("{FAE04EC0-301F-11D3-BF4B-00C04F79EFBC}") = "Business", "Business\Business.csproj", "{BBA0AED8-E2F7-4B7E-9D90-736DB8435CE9}"
EndProject
Project("{FAE04EC0-301F-11D3-BF4B-00C04F79EFBC}") = "Core", "Core\Core.csproj", "{A41E0DA3-3E34-4968-AAE6-5454EA0004EE}"
EndProject
Project("{FAE04EC0-301F-11D3-BF4B-00C04F79EFBC}") = "WebAPI", "WebAPI\WebAPI.csproj", "{FEC5FCCD-759B-41A3-A4C6-75C5123F60EE}"
EndProject
Global
	GlobalSection(SolutionConfigurationPlatforms) = preSolution
		Debug|Any CPU = Debug|Any CPU
		Release|Any CPU = Release|Any CPU
	EndGlobalSection
	GlobalSection(ProjectConfigurationPlatforms) = postSolution
		{D4524793-2F58-4D49-84D2-34EF87D220A3}.Debug|Any CPU.ActiveCfg = Debug|Any CPU
		{D4524793-2F58-4D49-84D2-34EF87D220A3}.Debug|Any CPU.Build.0 = Debug|Any CPU
		{D4524793-2F58-4D49-84D2-34EF87D220A3}.Release|Any CPU.ActiveCfg = Release|Any CPU
		{D4524793-2F58-4D49-84D2-34EF87D220A3}.Release|Any CPU.Build.0 = Release|Any CPU
		{3E583F15-FCB5-4959-BF92-ACB6D0F349E1}.Debug|Any CPU.ActiveCfg = Debug|Any CPU
		{3E583F15-FCB5-4959-BF92-ACB6D0F349E1}.Debug|Any CPU.Build.0 = Debug|Any CPU
		{3E583F15-FCB5-4959-BF92-ACB6D0F349E1}.Release|Any CPU.ActiveCfg = Release|Any CPU
		{3E583F15-FCB5-4959-BF92-ACB6D0F349E1}.Release|Any CPU.Build.0 = Release|Any CPU
		{BBA0AED8-E2F7-4B7E-9D90-736DB8435CE9}.Debug|Any CPU.ActiveCfg = Debug|Any CPU
		{BBA0AED8-E2F7-4B7E-9D90-736DB8435CE9}.Debug|Any CPU.Build.0 = Debug|Any CPU
		{BBA0AED8-E2F7-4B7E-9D90-736DB8435CE9}.Release|Any CPU.ActiveCfg = Release|Any CPU
		{BBA0AED8-E2F7-4B7E-9D90-736DB8435CE9}.Release|Any CPU.Build.0 = Release|Any CPU
		{A41E0DA3-3E34-4968-AAE6-5454EA0004EE}.Debug|Any CPU.ActiveCfg = Debug|Any CPU
		{A41E0DA3-3E34-4968-AAE6-5454EA0004EE}.Debug|Any CPU.Build.0 = Debug|Any CPU
		{A41E0DA3-3E34-4968-AAE6-5454EA0004EE}.Release|Any CPU.ActiveCfg = Release|Any CPU
		{A41E0DA3-3E34-4968-AAE6-5454EA0004EE}.Release|Any CPU.Build.0 = Release|Any CPU
		{FEC5FCCD-759B-41A3-A4C6-75C5123F60EE}.Debug|Any CPU.ActiveCfg = Debug|Any CPU
		{FEC5FCCD-759B-41A3-A4C6-75C5123F60EE}.Debug|Any CPU.Build.0 = Debug|Any CPU
		{FEC5FCCD-759B-41A3-A4C6-75C5123F60EE}.Release|Any CPU.ActiveCfg = Release|Any CPU
		{FEC5FCCD-759B-41A3-A4C6-75C5123F60EE}.Release|Any CPU.Build.0 = Release|Any CPU
	EndGlobalSection
	GlobalSection(SolutionProperties) = preSolution
		HideSolutionNode = FALSE
	EndGlobalSection
	GlobalSection(ExtensibilityGlobals) = postSolution
		SolutionGuid = {BAFEF931-2219-4D60-9610-764908746D32}
	EndGlobalSection
EndGlobal
